
Microsoft Visual Studio Solution File, Format Version 12.00
# Visual Studio Version 17
VisualStudioVersion = 17.6.33513.286
MinimumVisualStudioVersion = 10.0.40219.1
Project("{FAE04EC0-301F-11D3-BF4B-00C04F79EFBC}") = "MinimalApiBasics", "MinimalApiBasics\MinimalApiBasics.csproj", "{BA3F7FE0-6CB8-4E2B-B75C-81EF13FEEA5D}"
EndProject
Global
	GlobalSection(SolutionConfigurationPlatforms) = preSolution
		Debug|Any CPU = Debug|Any CPU
		Release|Any CPU = Release|Any CPU
	EndGlobalSection
	GlobalSection(ProjectConfigurationPlatforms) = postSolution
		{BA3F7FE0-6CB8-4E2B-B75C-81EF13FEEA5D}.Debug|Any CPU.ActiveCfg = Debug|Any CPU
		{BA3F7FE0-6CB8-4E2B-B75C-81EF13FEEA5D}.Debug|Any CPU.Build.0 = Debug|Any CPU
		{BA3F7FE0-6CB8-4E2B-B75C-81EF13FEEA5D}.Release|Any CPU.ActiveCfg = Release|Any CPU
		{BA3F7FE0-6CB8-4E2B-B75C-81EF13FEEA5D}.Release|Any CPU.Build.0 = Release|Any CPU
	EndGlobalSection
	GlobalSection(SolutionProperties) = preSolution
		HideSolutionNode = FALSE
	EndGlobalSection
	GlobalSection(ExtensibilityGlobals) = postSolution
		SolutionGuid = {265EC9F3-0D15-48F4-BAF3-EC28BECB9B2D}
	EndGlobalSection
EndGlobal
